// !$*UTF8*$!
{
	archiveVersion = 1;
	classes = {
	};
	objectVersion = 56;
	objects = {

/* Begin PBXBuildFile section */
		0529E98F2C368A7F003B0B11 /* TypewriterEffectApp.swift in Sources */ = {isa = PBXBuildFile; fileRef = 0529E98E2C368A7F003B0B11 /* TypewriterEffectApp.swift */; };
		0529E9912C368A7F003B0B11 /* ContentView.swift in Sources */ = {isa = PBXBuildFile; fileRef = 0529E9902C368A7F003B0B11 /* ContentView.swift */; };
		0529E9932C368A80003B0B11 /* Assets.xcassets in Resources */ = {isa = PBXBuildFile; fileRef = 0529E9922C368A80003B0B11 /* Assets.xcassets */; };
		0529E9962C368A80003B0B11 /* Preview Assets.xcassets in Resources */ = {isa = PBXBuildFile; fileRef = 0529E9952C368A80003B0B11 /* Preview Assets.xcassets */; };
		0529E9A02C371E5E003B0B11 /* dogica.ttf in Resources */ = {isa = PBXBuildFile; fileRef = 0529E99F2C371E5E003B0B11 /* dogica.ttf */; };
		0529E9A32C3746B1003B0B11 /* TypewriterEffectView.swift in Sources */ = {isa = PBXBuildFile; fileRef = 0529E9A22C3746B1003B0B11 /* TypewriterEffectView.swift */; };
/* End PBXBuildFile section */

/* Begin PBXFileReference section */
		0529E98B2C368A7F003B0B11 /* TypewriterEffect.app */ = {isa = PBXFileReference; explicitFileType = wrapper.application; includeInIndex = 0; path = TypewriterEffect.app; sourceTree = BUILT_PRODUCTS_DIR; };
		0529E98E2C368A7F003B0B11 /* TypewriterEffectApp.swift */ = {isa = PBXFileReference; lastKnownFileType = sourcecode.swift; path = TypewriterEffectApp.swift; sourceTree = "<group>"; };
		0529E9902C368A7F003B0B11 /* ContentView.swift */ = {isa = PBXFileReference; lastKnownFileType = sourcecode.swift; path = ContentView.swift; sourceTree = "<group>"; };
		0529E9922C368A80003B0B11 /* Assets.xcassets */ = {isa = PBXFileReference; lastKnownFileType = folder.assetcatalog; path = Assets.xcassets; sourceTree = "<group>"; };
		0529E9952C368A80003B0B11 /* Preview Assets.xcassets */ = {isa = PBXFileReference; lastKnownFileType = folder.assetcatalog; path = "Preview Assets.xcassets"; sourceTree = "<group>"; };
		0529E99F2C371E5E003B0B11 /* dogica.ttf */ = {isa = PBXFileReference; lastKnownFileType = file; name = dogica.ttf; path = ../../../../Downloads/dogica/TTF/dogica.ttf; sourceTree = "<group>"; };
		0529E9A12C372016003B0B11 /* Info.plist */ = {isa = PBXFileReference; lastKnownFileType = text.plist; path = Info.plist; sourceTree = "<group>"; };
		0529E9A22C3746B1003B0B11 /* TypewriterEffectView.swift */ = {isa = PBXFileReference; lastKnownFileType = sourcecode.swift; path = TypewriterEffectView.swift; sourceTree = "<group>"; };
/* End PBXFileReference section */

/* Begin PBXFrameworksBuildPhase section */
		0529E9882C368A7F003B0B11 /* Frameworks */ = {
			isa = PBXFrameworksBuildPhase;
			buildActionMask = 2147483647;
			files = (
			);
			runOnlyForDeploymentPostprocessing = 0;
		};
/* End PBXFrameworksBuildPhase section */

/* Begin PBXGroup section */
		0529E9822C368A7F003B0B11 = {
			isa = PBXGroup;
			children = (
				0529E98D2C368A7F003B0B11 /* TypewriterEffect */,
				0529E98C2C368A7F003B0B11 /* Products */,
			);
			sourceTree = "<group>";
		};
		0529E98C2C368A7F003B0B11 /* Products */ = {
			isa = PBXGroup;
			children = (
				0529E98B2C368A7F003B0B11 /* TypewriterEffect.app */,
			);
			name = Products;
			sourceTree = "<group>";
		};
		0529E98D2C368A7F003B0B11 /* TypewriterEffect */ = {
			isa = PBXGroup;
			children = (
				0529E9A12C372016003B0B11 /* Info.plist */,
				0529E98E2C368A7F003B0B11 /* TypewriterEffectApp.swift */,
				0529E9902C368A7F003B0B11 /* ContentView.swift */,
				0529E9A62C3748A2003B0B11 /* View */,
				0529E99E2C371E0D003B0B11 /* CustomFont */,
				0529E9922C368A80003B0B11 /* Assets.xcassets */,
				0529E9942C368A80003B0B11 /* Preview Content */,
			);
			path = TypewriterEffect;
			sourceTree = "<group>";
		};
		0529E9942C368A80003B0B11 /* Preview Content */ = {
			isa = PBXGroup;
			children = (
				0529E9952C368A80003B0B11 /* Preview Assets.xcassets */,
			);
			path = "Preview Content";
			sourceTree = "<group>";
		};
		0529E99E2C371E0D003B0B11 /* CustomFont */ = {
			isa = PBXGroup;
			children = (
				0529E99F2C371E5E003B0B11 /* dogica.ttf */,
			);
			path = CustomFont;
			sourceTree = "<group>";
		};
		0529E9A62C3748A2003B0B11 /* View */ = {
			isa = PBXGroup;
			children = (
				0529E9A22C3746B1003B0B11 /* TypewriterEffectView.swift */,
			);
			path = View;
			sourceTree = "<group>";
		};
/* End PBXGroup section */

/* Begin PBXNativeTarget section */
		0529E98A2C368A7F003B0B11 /* TypewriterEffect */ = {
			isa = PBXNativeTarget;
			buildConfigurationList = 0529E9992C368A80003B0B11 /* Build configuration list for PBXNativeTarget "TypewriterEffect" */;
			buildPhases = (
				0529E9872C368A7F003B0B11 /* Sources */,
				0529E9882C368A7F003B0B11 /* Frameworks */,
				0529E9892C368A7F003B0B11 /* Resources */,
			);
			buildRules = (
			);
			dependencies = (
			);
			name = TypewriterEffect;
			productName = TypewriterEffect;
			productReference = 0529E98B2C368A7F003B0B11 /* TypewriterEffect.app */;
			productType = "com.apple.product-type.application";
		};
/* End PBXNativeTarget section */

/* Begin PBXProject section */
		0529E9832C368A7F003B0B11 /* Project object */ = {
			isa = PBXProject;
			attributes = {
				BuildIndependentTargetsInParallel = 1;
				LastSwiftUpdateCheck = 1540;
				LastUpgradeCheck = 1540;
				TargetAttributes = {
					0529E98A2C368A7F003B0B11 = {
						CreatedOnToolsVersion = 15.4;
					};
				};
			};
			buildConfigurationList = 0529E9862C368A7F003B0B11 /* Build configuration list for PBXProject "TypewriterEffect" */;
			compatibilityVersion = "Xcode 14.0";
			developmentRegion = en;
			hasScannedForEncodings = 0;
			knownRegions = (
				en,
				Base,
			);
			mainGroup = 0529E9822C368A7F003B0B11;
			productRefGroup = 0529E98C2C368A7F003B0B11 /* Products */;
			projectDirPath = "";
			projectRoot = "";
			targets = (
				0529E98A2C368A7F003B0B11 /* TypewriterEffect */,
			);
		};
/* End PBXProject section */

/* Begin PBXResourcesBuildPhase section */
		0529E9892C368A7F003B0B11 /* Resources */ = {
			isa = PBXResourcesBuildPhase;
			buildActionMask = 2147483647;
			files = (
				0529E9962C368A80003B0B11 /* Preview Assets.xcassets in Resources */,
				0529E9A02C371E5E003B0B11 /* dogica.ttf in Resources */,
				0529E9932C368A80003B0B11 /* Assets.xcassets in Resources */,
			);
			runOnlyForDeploymentPostprocessing = 0;
		};
/* End PBXResourcesBuildPhase section */

/* Begin PBXSourcesBuildPhase section */
		0529E9872C368A7F003B0B11 /* Sources */ = {
			isa = PBXSourcesBuildPhase;
			buildActionMask = 2147483647;
			files = (
				0529E9912C368A7F003B0B11 /* ContentView.swift in Sources */,
				0529E9A32C3746B1003B0B11 /* TypewriterEffectView.swift in Sources */,
				0529E98F2C368A7F003B0B11 /* TypewriterEffectApp.swift in Sources */,
			);
			runOnlyForDeploymentPostprocessing = 0;
		};
/* End PBXSourcesBuildPhase section */

/* Begin XCBuildConfiguration section */
		0529E9972C368A80003B0B11 /* Debug */ = {
			isa = XCBuildConfiguration;
			buildSettings = {
				ALWAYS_SEARCH_USER_PATHS = NO;
				ASSETCATALOG_COMPILER_GENERATE_SWIFT_ASSET_SYMBOL_EXTENSIONS = YES;
				CLANG_ANALYZER_NONNULL = YES;
				CLANG_ANALYZER_NUMBER_OBJECT_CONVERSION = YES_AGGRESSIVE;
				CLANG_CXX_LANGUAGE_STANDARD = "gnu++20";
				CLANG_ENABLE_MODULES = YES;
				CLANG_ENABLE_OBJC_ARC = YES;
				CLANG_ENABLE_OBJC_WEAK = YES;
				CLANG_WARN_BLOCK_CAPTURE_AUTORELEASING = YES;
				CLANG_WARN_BOOL_CONVERSION = YES;
				CLANG_WARN_COMMA = YES;
				CLANG_WARN_CONSTANT_CONVERSION = YES;
				CLANG_WARN_DEPRECATED_OBJC_IMPLEMENTATIONS = YES;
				CLANG_WARN_DIRECT_OBJC_ISA_USAGE = YES_ERROR;
				CLANG_WARN_DOCUMENTATION_COMMENTS = YES;
				CLANG_WARN_EMPTY_BODY = YES;
				CLANG_WARN_ENUM_CONVERSION = YES;
				CLANG_WARN_INFINITE_RECURSION = YES;
				CLANG_WARN_INT_CONVERSION = YES;
				CLANG_WARN_NON_LITERAL_NULL_CONVERSION = YES;
				CLANG_WARN_OBJC_IMPLICIT_RETAIN_SELF = YES;
				CLANG_WARN_OBJC_LITERAL_CONVERSION = YES;
				CLANG_WARN_OBJC_ROOT_CLASS = YES_ERROR;
				CLANG_WARN_QUOTED_INCLUDE_IN_FRAMEWORK_HEADER = YES;
				CLANG_WARN_RANGE_LOOP_ANALYSIS = YES;
				CLANG_WARN_STRICT_PROTOTYPES = YES;
				CLANG_WARN_SUSPICIOUS_MOVE = YES;
				CLANG_WARN_UNGUARDED_AVAILABILITY = YES_AGGRESSIVE;
				CLANG_WARN_UNREACHABLE_CODE = YES;
				CLANG_WARN__DUPLICATE_METHOD_MATCH = YES;
				COPY_PHASE_STRIP = NO;
				DEBUG_INFORMATION_FORMAT = dwarf;
				ENABLE_STRICT_OBJC_MSGSEND = YES;
				ENABLE_TESTABILITY = YES;
				ENABLE_USER_SCRIPT_SANDBOXING = YES;
				GCC_C_LANGUAGE_STANDARD = gnu17;
				GCC_DYNAMIC_NO_PIC = NO;
				GCC_NO_COMMON_BLOCKS = YES;
				GCC_OPTIMIZATION_LEVEL = 0;
				GCC_PREPROCESSOR_DEFINITIONS = (
					"DEBUG=1",
					"$(inherited)",
				);
				GCC_WARN_64_TO_32_BIT_CONVERSION = YES;
				GCC_WARN_ABOUT_RETURN_TYPE = YES_ERROR;
				GCC_WARN_UNDECLARED_SELECTOR = YES;
				GCC_WARN_UNINITIALIZED_AUTOS = YES_AGGRESSIVE;
				GCC_WARN_UNUSED_FUNCTION = YES;
				GCC_WARN_UNUSED_VARIABLE = YES;
				IPHONEOS_DEPLOYMENT_TARGET = 17.5;
				LOCALIZATION_PREFERS_STRING_CATALOGS = YES;
				MTL_ENABLE_DEBUG_INFO = INCLUDE_SOURCE;
				MTL_FAST_MATH = YES;
				ONLY_ACTIVE_ARCH = YES;
				SDKROOT = iphoneos;
				SWIFT_ACTIVE_COMPILATION_CONDITIONS = "DEBUG $(inherited)";
				SWIFT_OPTIMIZATION_LEVEL = "-Onone";
			};
			name = Debug;
		};
		0529E9982C368A80003B0B11 /* Release */ = {
			isa = XCBuildConfiguration;
			buildSettings = {
				ALWAYS_SEARCH_USER_PATHS = NO;
				ASSETCATALOG_COMPILER_GENERATE_SWIFT_ASSET_SYMBOL_EXTENSIONS = YES;
				CLANG_ANALYZER_NONNULL = YES;
				CLANG_ANALYZER_NUMBER_OBJECT_CONVERSION = YES_AGGRESSIVE;
				CLANG_CXX_LANGUAGE_STANDARD = "gnu++20";
				CLANG_ENABLE_MODULES = YES;
				CLANG_ENABLE_OBJC_ARC = YES;
				CLANG_ENABLE_OBJC_WEAK = YES;
				CLANG_WARN_BLOCK_CAPTURE_AUTORELEASING = YES;
				CLANG_WARN_BOOL_CONVERSION = YES;
				CLANG_WARN_COMMA = YES;
				CLANG_WARN_CONSTANT_CONVERSION = YES;
				CLANG_WARN_DEPRECATED_OBJC_IMPLEMENTATIONS = YES;
				CLANG_WARN_DIRECT_OBJC_ISA_USAGE = YES_ERROR;
				CLANG_WARN_DOCUMENTATION_COMMENTS = YES;
				CLANG_WARN_EMPTY_BODY = YES;
				CLANG_WARN_ENUM_CONVERSION = YES;
				CLANG_WARN_INFINITE_RECURSION = YES;
				CLANG_WARN_INT_CONVERSION = YES;
				CLANG_WARN_NON_LITERAL_NULL_CONVERSION = YES;
				CLANG_WARN_OBJC_IMPLICIT_RETAIN_SELF = YES;
				CLANG_WARN_OBJC_LITERAL_CONVERSION = YES;
				CLANG_WARN_OBJC_ROOT_CLASS = YES_ERROR;
				CLANG_WARN_QUOTED_INCLUDE_IN_FRAMEWORK_HEADER = YES;
				CLANG_WARN_RANGE_LOOP_ANALYSIS = YES;
				CLANG_WARN_STRICT_PROTOTYPES = YES;
				CLANG_WARN_SUSPICIOUS_MOVE = YES;
				CLANG_WARN_UNGUARDED_AVAILABILITY = YES_AGGRESSIVE;
				CLANG_WARN_UNREACHABLE_CODE = YES;
				CLANG_WARN__DUPLICATE_METHOD_MATCH = YES;
				COPY_PHASE_STRIP = NO;
				DEBUG_INFORMATION_FORMAT = "dwarf-with-dsym";
				ENABLE_NS_ASSERTIONS = NO;
				ENABLE_STRICT_OBJC_MSGSEND = YES;
				ENABLE_USER_SCRIPT_SANDBOXING = YES;
				GCC_C_LANGUAGE_STANDARD = gnu17;
				GCC_NO_COMMON_BLOCKS = YES;
				GCC_WARN_64_TO_32_BIT_CONVERSION = YES;
				GCC_WARN_ABOUT_RETURN_TYPE = YES_ERROR;
				GCC_WARN_UNDECLARED_SELECTOR = YES;
				GCC_WARN_UNINITIALIZED_AUTOS = YES_AGGRESSIVE;
				GCC_WARN_UNUSED_FUNCTION = YES;
				GCC_WARN_UNUSED_VARIABLE = YES;
				IPHONEOS_DEPLOYMENT_TARGET = 17.5;
				LOCALIZATION_PREFERS_STRING_CATALOGS = YES;
				MTL_ENABLE_DEBUG_INFO = NO;
				MTL_FAST_MATH = YES;
				SDKROOT = iphoneos;
				SWIFT_COMPILATION_MODE = wholemodule;
				VALIDATE_PRODUCT = YES;
			};
			name = Release;
		};
		0529E99A2C368A80003B0B11 /* Debug */ = {
			isa = XCBuildConfiguration;
			buildSettings = {
				ASSETCATALOG_COMPILER_APPICON_NAME = AppIcon;
				ASSETCATALOG_COMPILER_GLOBAL_ACCENT_COLOR_NAME = AccentColor;
				CODE_SIGN_STYLE = Automatic;
				CURRENT_PROJECT_VERSION = 1;
				DEVELOPMENT_ASSET_PATHS = "\"TypewriterEffect/Preview Content\"";
				DEVELOPMENT_TEAM = AD6RKLU932;
				ENABLE_PREVIEWS = YES;
				GENERATE_INFOPLIST_FILE = YES;
				INFOPLIST_FILE = TypewriterEffect/Info.plist;
				INFOPLIST_KEY_UIApplicationSceneManifest_Generation = YES;
				INFOPLIST_KEY_UIApplicationSupportsIndirectInputEvents = YES;
				INFOPLIST_KEY_UILaunchScreen_Generation = YES;
				INFOPLIST_KEY_UISupportedInterfaceOrientations_iPad = "UIInterfaceOrientationPortrait UIInterfaceOrientationPortraitUpsideDown UIInterfaceOrientationLandscapeLeft UIInterfaceOrientationLandscapeRight";
				INFOPLIST_KEY_UISupportedInterfaceOrientations_iPhone = "UIInterfaceOrientationPortrait UIInterfaceOrientationLandscapeLeft UIInterfaceOrientationLandscapeRight";
				LD_RUNPATH_SEARCH_PATHS = (
					"$(inherited)",
					"@executable_path/Frameworks",
				);
				MARKETING_VERSION = 1.0;
				PRODUCT_BUNDLE_IDENTIFIER = com.LuckyB.TypewriterEffect;
				PRODUCT_NAME = "$(TARGET_NAME)";
				SWIFT_EMIT_LOC_STRINGS = YES;
				SWIFT_VERSION = 5.0;
				TARGETED_DEVICE_FAMILY = "1,2";
			};
			name = Debug;
		};
		0529E99B2C368A80003B0B11 /* Release */ = {
			isa = XCBuildConfiguration;
			buildSettings = {
				ASSETCATALOG_COMPILER_APPICON_NAME = AppIcon;
				ASSETCATALOG_COMPILER_GLOBAL_ACCENT_COLOR_NAME = AccentColor;
				CODE_SIGN_STYLE = Automatic;
				CURRENT_PROJECT_VERSION = 1;
				DEVELOPMENT_ASSET_PATHS = "\"TypewriterEffect/Preview Content\"";
				DEVELOPMENT_TEAM = AD6RKLU932;
				ENABLE_PREVIEWS = YES;
				GENERATE_INFOPLIST_FILE = YES;
				INFOPLIST_FILE = TypewriterEffect/Info.plist;
				INFOPLIST_KEY_UIApplicationSceneManifest_Generation = YES;
				INFOPLIST_KEY_UIApplicationSupportsIndirectInputEvents = YES;
				INFOPLIST_KEY_UILaunchScreen_Generation = YES;
				INFOPLIST_KEY_UISupportedInterfaceOrientations_iPad = "UIInterfaceOrientationPortrait UIInterfaceOrientationPortraitUpsideDown UIInterfaceOrientationLandscapeLeft UIInterfaceOrientationLandscapeRight";
				INFOPLIST_KEY_UISupportedInterfaceOrientations_iPhone = "UIInterfaceOrientationPortrait UIInterfaceOrientationLandscapeLeft UIInterfaceOrientationLandscapeRight";
				LD_RUNPATH_SEARCH_PATHS = (
					"$(inherited)",
					"@executable_path/Frameworks",
				);
				MARKETING_VERSION = 1.0;
				PRODUCT_BUNDLE_IDENTIFIER = com.LuckyB.TypewriterEffect;
				PRODUCT_NAME = "$(TARGET_NAME)";
				SWIFT_EMIT_LOC_STRINGS = YES;
				SWIFT_VERSION = 5.0;
				TARGETED_DEVICE_FAMILY = "1,2";
			};
			name = Release;
		};
/* End XCBuildConfiguration section */

/* Begin XCConfigurationList section */
		0529E9862C368A7F003B0B11 /* Build configuration list for PBXProject "TypewriterEffect" */ = {
			isa = XCConfigurationList;
			buildConfigurations = (
				0529E9972C368A80003B0B11 /* Debug */,
				0529E9982C368A80003B0B11 /* Release */,
			);
			defaultConfigurationIsVisible = 0;
			defaultConfigurationName = Release;
		};
		0529E9992C368A80003B0B11 /* Build configuration list for PBXNativeTarget "TypewriterEffect" */ = {
			isa = XCConfigurationList;
			buildConfigurations = (
				0529E99A2C368A80003B0B11 /* Debug */,
				0529E99B2C368A80003B0B11 /* Release */,
			);
			defaultConfigurationIsVisible = 0;
			defaultConfigurationName = Release;
		};
/* End XCConfigurationList section */
	};
	rootObject = 0529E9832C368A7F003B0B11 /* Project object */;
}
